
Microsoft Visual Studio Solution File, Format Version 12.00
# Visual Studio 15
VisualStudioVersion = 15.0.33026.149
MinimumVisualStudioVersion = 10.0.40219.1
Project("{FAE04EC0-301F-11D3-BF4B-00C04F79EFBC}") = "EmployeeDetailsAPI", "EmployeeDetailsAPI\EmployeeDetailsAPI.csproj", "{C773F16E-CA9C-4440-A6B5-2014BC1997BD}"
EndProject
Global
	GlobalSection(SolutionConfigurationPlatforms) = preSolution
		Debug|Any CPU = Debug|Any CPU
		Release|Any CPU = Release|Any CPU
	EndGlobalSection
	GlobalSection(ProjectConfigurationPlatforms) = postSolution
		{C773F16E-CA9C-4440-A6B5-2014BC1997BD}.Debug|Any CPU.ActiveCfg = Debug|Any CPU
		{C773F16E-CA9C-4440-A6B5-2014BC1997BD}.Debug|Any CPU.Build.0 = Debug|Any CPU
		{C773F16E-CA9C-4440-A6B5-2014BC1997BD}.Release|Any CPU.ActiveCfg = Release|Any CPU
		{C773F16E-CA9C-4440-A6B5-2014BC1997BD}.Release|Any CPU.Build.0 = Release|Any CPU
	EndGlobalSection
	GlobalSection(SolutionProperties) = preSolution
		HideSolutionNode = FALSE
	EndGlobalSection
	GlobalSection(ExtensibilityGlobals) = postSolution
		SolutionGuid = {6D9BEE3D-0AEF-49BE-8015-B0E495384546}
	EndGlobalSection
EndGlobal
